// !$*UTF8*$!
{
	archiveVersion = 1;
	classes = {
	};
	objectVersion = 50;
	objects = {

/* Begin PBXBuildFile section */
		4D500FB224A26CF800136B1F /* AppDelegate.swift in Sources */ = {isa = PBXBuildFile; fileRef = 4D500FB124A26CF800136B1F /* AppDelegate.swift */; };
		4D500FB424A26CF800136B1F /* SceneDelegate.swift in Sources */ = {isa = PBXBuildFile; fileRef = 4D500FB324A26CF800136B1F /* SceneDelegate.swift */; };
		4D500FB624A26CF800136B1F /* ViewController.swift in Sources */ = {isa = PBXBuildFile; fileRef = 4D500FB524A26CF800136B1F /* ViewController.swift */; };
		4D500FBB24A26CFD00136B1F /* Assets.xcassets in Resources */ = {isa = PBXBuildFile; fileRef = 4D500FBA24A26CFD00136B1F /* Assets.xcassets */; };
		4D500FBE24A26CFD00136B1F /* LaunchScreen.storyboard in Resources */ = {isa = PBXBuildFile; fileRef = 4D500FBC24A26CFD00136B1F /* LaunchScreen.storyboard */; };
		4D500FC924A26CFD00136B1F /* TodoTests.swift in Sources */ = {isa = PBXBuildFile; fileRef = 4D500FC824A26CFD00136B1F /* TodoTests.swift */; };
		4D500FD424A26CFD00136B1F /* TodoUITests.swift in Sources */ = {isa = PBXBuildFile; fileRef = 4D500FD324A26CFD00136B1F /* TodoUITests.swift */; };
		4D500FE224A26E8800136B1F /* Main.storyboard in Resources */ = {isa = PBXBuildFile; fileRef = 4D500FE124A26E8700136B1F /* Main.storyboard */; };
		4D500FE424A26F3300136B1F /* TodoTableViewCell.swift in Sources */ = {isa = PBXBuildFile; fileRef = 4D500FE324A26F3300136B1F /* TodoTableViewCell.swift */; };
		4D500FE624A2744A00136B1F /* AddTodoViewController.swift in Sources */ = {isa = PBXBuildFile; fileRef = 4D500FE524A2744A00136B1F /* AddTodoViewController.swift */; };
		4D500FE924A284FD00136B1F /* Todo.xcdatamodeld in Sources */ = {isa = PBXBuildFile; fileRef = 4D500FE724A284FD00136B1F /* Todo.xcdatamodeld */; };
		4D500FEC24A286D800136B1F /* CoreDataHelper.swift in Sources */ = {isa = PBXBuildFile; fileRef = 4D500FEB24A286D800136B1F /* CoreDataHelper.swift */; };
		4D500FEE24A289DC00136B1F /* TodoModel.swift in Sources */ = {isa = PBXBuildFile; fileRef = 4D500FED24A289DC00136B1F /* TodoModel.swift */; };
		4DC30C2C24A322BF004ADC1E /* MainView.swift in Sources */ = {isa = PBXBuildFile; fileRef = 4DC30C2B24A322BF004ADC1E /* MainView.swift */; };
/* End PBXBuildFile section */

/* Begin PBXContainerItemProxy section */
		4D500FC524A26CFD00136B1F /* PBXContainerItemProxy */ = {
			isa = PBXContainerItemProxy;
			containerPortal = 4D500FA624A26CF800136B1F /* Project object */;
			proxyType = 1;
			remoteGlobalIDString = 4D500FAD24A26CF800136B1F;
			remoteInfo = Todo;
		};
		4D500FD024A26CFD00136B1F /* PBXContainerItemProxy */ = {
			isa = PBXContainerItemProxy;
			containerPortal = 4D500FA624A26CF800136B1F /* Project object */;
			proxyType = 1;
			remoteGlobalIDString = 4D500FAD24A26CF800136B1F;
			remoteInfo = Todo;
		};
/* End PBXContainerItemProxy section */

/* Begin PBXFileReference section */
		4D500FAE24A26CF800136B1F /* Todo.app */ = {isa = PBXFileReference; explicitFileType = wrapper.application; includeInIndex = 0; path = Todo.app; sourceTree = BUILT_PRODUCTS_DIR; };
		4D500FB124A26CF800136B1F /* AppDelegate.swift */ = {isa = PBXFileReference; lastKnownFileType = sourcecode.swift; path = AppDelegate.swift; sourceTree = "<group>"; };
		4D500FB324A26CF800136B1F /* SceneDelegate.swift */ = {isa = PBXFileReference; lastKnownFileType = sourcecode.swift; path = SceneDelegate.swift; sourceTree = "<group>"; };
		4D500FB524A26CF800136B1F /* ViewController.swift */ = {isa = PBXFileReference; lastKnownFileType = sourcecode.swift; path = ViewController.swift; sourceTree = "<group>"; };
		4D500FBA24A26CFD00136B1F /* Assets.xcassets */ = {isa = PBXFileReference; lastKnownFileType = folder.assetcatalog; path = Assets.xcassets; sourceTree = "<group>"; };
		4D500FBD24A26CFD00136B1F /* Base */ = {isa = PBXFileReference; lastKnownFileType = file.storyboard; name = Base; path = Base.lproj/LaunchScreen.storyboard; sourceTree = "<group>"; };
		4D500FBF24A26CFD00136B1F /* Info.plist */ = {isa = PBXFileReference; lastKnownFileType = text.plist.xml; path = Info.plist; sourceTree = "<group>"; };
		4D500FC424A26CFD00136B1F /* TodoTests.xctest */ = {isa = PBXFileReference; explicitFileType = wrapper.cfbundle; includeInIndex = 0; path = TodoTests.xctest; sourceTree = BUILT_PRODUCTS_DIR; };
		4D500FC824A26CFD00136B1F /* TodoTests.swift */ = {isa = PBXFileReference; lastKnownFileType = sourcecode.swift; path = TodoTests.swift; sourceTree = "<group>"; };
		4D500FCA24A26CFD00136B1F /* Info.plist */ = {isa = PBXFileReference; lastKnownFileType = text.plist.xml; path = Info.plist; sourceTree = "<group>"; };
		4D500FCF24A26CFD00136B1F /* TodoUITests.xctest */ = {isa = PBXFileReference; explicitFileType = wrapper.cfbundle; includeInIndex = 0; path = TodoUITests.xctest; sourceTree = BUILT_PRODUCTS_DIR; };
		4D500FD324A26CFD00136B1F /* TodoUITests.swift */ = {isa = PBXFileReference; lastKnownFileType = sourcecode.swift; path = TodoUITests.swift; sourceTree = "<group>"; };
		4D500FD524A26CFD00136B1F /* Info.plist */ = {isa = PBXFileReference; lastKnownFileType = text.plist.xml; path = Info.plist; sourceTree = "<group>"; };
		4D500FE124A26E8700136B1F /* Main.storyboard */ = {isa = PBXFileReference; fileEncoding = 4; lastKnownFileType = file.storyboard; path = Main.storyboard; sourceTree = "<group>"; };
		4D500FE324A26F3300136B1F /* TodoTableViewCell.swift */ = {isa = PBXFileReference; lastKnownFileType = sourcecode.swift; path = TodoTableViewCell.swift; sourceTree = "<group>"; };
		4D500FE524A2744A00136B1F /* AddTodoViewController.swift */ = {isa = PBXFileReference; lastKnownFileType = sourcecode.swift; path = AddTodoViewController.swift; sourceTree = "<group>"; };
		4D500FE824A284FD00136B1F /* Todo.xcdatamodel */ = {isa = PBXFileReference; lastKnownFileType = wrapper.xcdatamodel; path = Todo.xcdatamodel; sourceTree = "<group>"; };
		4D500FEB24A286D800136B1F /* CoreDataHelper.swift */ = {isa = PBXFileReference; fileEncoding = 4; lastKnownFileType = sourcecode.swift; path = CoreDataHelper.swift; sourceTree = "<group>"; };
		4D500FED24A289DC00136B1F /* TodoModel.swift */ = {isa = PBXFileReference; lastKnownFileType = sourcecode.swift; path = TodoModel.swift; sourceTree = "<group>"; };
		4DC30C2B24A322BF004ADC1E /* MainView.swift */ = {isa = PBXFileReference; fileEncoding = 4; lastKnownFileType = sourcecode.swift; path = MainView.swift; sourceTree = "<group>"; };
/* End PBXFileReference section */

/* Begin PBXFrameworksBuildPhase section */
		4D500FAB24A26CF800136B1F /* Frameworks */ = {
			isa = PBXFrameworksBuildPhase;
			buildActionMask = 2147483647;
			files = (
			);
			runOnlyForDeploymentPostprocessing = 0;
		};
		4D500FC124A26CFD00136B1F /* Frameworks */ = {
			isa = PBXFrameworksBuildPhase;
			buildActionMask = 2147483647;
			files = (
			);
			runOnlyForDeploymentPostprocessing = 0;
		};
		4D500FCC24A26CFD00136B1F /* Frameworks */ = {
			isa = PBXFrameworksBuildPhase;
			buildActionMask = 2147483647;
			files = (
			);
			runOnlyForDeploymentPostprocessing = 0;
		};
/* End PBXFrameworksBuildPhase section */

/* Begin PBXGroup section */
		4D500FA524A26CF800136B1F = {
			isa = PBXGroup;
			children = (
				4D500FB024A26CF800136B1F /* Todo */,
				4D500FC724A26CFD00136B1F /* TodoTests */,
				4D500FD224A26CFD00136B1F /* TodoUITests */,
				4D500FAF24A26CF800136B1F /* Products */,
			);
			sourceTree = "<group>";
		};
		4D500FAF24A26CF800136B1F /* Products */ = {
			isa = PBXGroup;
			children = (
				4D500FAE24A26CF800136B1F /* Todo.app */,
				4D500FC424A26CFD00136B1F /* TodoTests.xctest */,
				4D500FCF24A26CFD00136B1F /* TodoUITests.xctest */,
			);
			name = Products;
			sourceTree = "<group>";
		};
		4D500FB024A26CF800136B1F /* Todo */ = {
			isa = PBXGroup;
			children = (
				4DC30C3724A35B05004ADC1E /* Main */,
				4DC30C3424A35A9D004ADC1E /* Addtodo */,
				4DC30C3024A35A3C004ADC1E /* Home */,
				4DC30C2F24A35A27004ADC1E /* MainView */,
				4D500FEA24A286CD00136B1F /* Helper */,
				4D500FBA24A26CFD00136B1F /* Assets.xcassets */,
				4D500FBF24A26CFD00136B1F /* Info.plist */,
			);
			path = Todo;
			sourceTree = "<group>";
		};
		4D500FC724A26CFD00136B1F /* TodoTests */ = {
			isa = PBXGroup;
			children = (
				4D500FC824A26CFD00136B1F /* TodoTests.swift */,
				4D500FCA24A26CFD00136B1F /* Info.plist */,
			);
			path = TodoTests;
			sourceTree = "<group>";
		};
		4D500FD224A26CFD00136B1F /* TodoUITests */ = {
			isa = PBXGroup;
			children = (
				4D500FD324A26CFD00136B1F /* TodoUITests.swift */,
				4D500FD524A26CFD00136B1F /* Info.plist */,
			);
			path = TodoUITests;
			sourceTree = "<group>";
		};
		4D500FEA24A286CD00136B1F /* Helper */ = {
			isa = PBXGroup;
			children = (
				4D500FE724A284FD00136B1F /* Todo.xcdatamodeld */,
				4D500FEB24A286D800136B1F /* CoreDataHelper.swift */,
			);
			path = Helper;
			sourceTree = "<group>";
		};
		4DC30C2F24A35A27004ADC1E /* MainView */ = {
			isa = PBXGroup;
			children = (
				4D500FE124A26E8700136B1F /* Main.storyboard */,
				4DC30C2B24A322BF004ADC1E /* MainView.swift */,
			);
			path = MainView;
			sourceTree = "<group>";
		};
		4DC30C3024A35A3C004ADC1E /* Home */ = {
			isa = PBXGroup;
			children = (
				4DC30C3324A35A66004ADC1E /* Controller */,
				4DC30C3224A35A5E004ADC1E /* Model */,
				4DC30C3124A35A57004ADC1E /* View */,
			);
			path = Home;
			sourceTree = "<group>";
		};
		4DC30C3124A35A57004ADC1E /* View */ = {
			isa = PBXGroup;
			children = (
				4DC30C3624A35AE6004ADC1E /* Cell */,
			);
			path = View;
			sourceTree = "<group>";
		};
		4DC30C3224A35A5E004ADC1E /* Model */ = {
			isa = PBXGroup;
			children = (
				4D500FED24A289DC00136B1F /* TodoModel.swift */,
			);
			path = Model;
			sourceTree = "<group>";
		};
		4DC30C3324A35A66004ADC1E /* Controller */ = {
			isa = PBXGroup;
			children = (
				4D500FB524A26CF800136B1F /* ViewController.swift */,
			);
			path = Controller;
			sourceTree = "<group>";
		};
		4DC30C3424A35A9D004ADC1E /* Addtodo */ = {
			isa = PBXGroup;
			children = (
				4DC30C3524A35AA6004ADC1E /* Controler */,
			);
			path = Addtodo;
			sourceTree = "<group>";
		};
		4DC30C3524A35AA6004ADC1E /* Controler */ = {
			isa = PBXGroup;
			children = (
				4D500FE524A2744A00136B1F /* AddTodoViewController.swift */,
			);
			path = Controler;
			sourceTree = "<group>";
		};
		4DC30C3624A35AE6004ADC1E /* Cell */ = {
			isa = PBXGroup;
			children = (
				4D500FE324A26F3300136B1F /* TodoTableViewCell.swift */,
			);
			path = Cell;
			sourceTree = "<group>";
		};
		4DC30C3724A35B05004ADC1E /* Main */ = {
			isa = PBXGroup;
			children = (
				4D500FBC24A26CFD00136B1F /* LaunchScreen.storyboard */,
				4D500FB124A26CF800136B1F /* AppDelegate.swift */,
				4D500FB324A26CF800136B1F /* SceneDelegate.swift */,
			);
			path = Main;
			sourceTree = "<group>";
		};
/* End PBXGroup section */

/* Begin PBXNativeTarget section */
		4D500FAD24A26CF800136B1F /* Todo */ = {
			isa = PBXNativeTarget;
			buildConfigurationList = 4D500FD824A26CFD00136B1F /* Build configuration list for PBXNativeTarget "Todo" */;
			buildPhases = (
				4D500FAA24A26CF800136B1F /* Sources */,
				4D500FAB24A26CF800136B1F /* Frameworks */,
				4D500FAC24A26CF800136B1F /* Resources */,
			);
			buildRules = (
			);
			dependencies = (
			);
			name = Todo;
			productName = Todo;
			productReference = 4D500FAE24A26CF800136B1F /* Todo.app */;
			productType = "com.apple.product-type.application";
		};
		4D500FC324A26CFD00136B1F /* TodoTests */ = {
			isa = PBXNativeTarget;
			buildConfigurationList = 4D500FDB24A26CFD00136B1F /* Build configuration list for PBXNativeTarget "TodoTests" */;
			buildPhases = (
				4D500FC024A26CFD00136B1F /* Sources */,
				4D500FC124A26CFD00136B1F /* Frameworks */,
				4D500FC224A26CFD00136B1F /* Resources */,
			);
			buildRules = (
			);
			dependencies = (
				4D500FC624A26CFD00136B1F /* PBXTargetDependency */,
			);
			name = TodoTests;
			productName = TodoTests;
			productReference = 4D500FC424A26CFD00136B1F /* TodoTests.xctest */;
			productType = "com.apple.product-type.bundle.unit-test";
		};
		4D500FCE24A26CFD00136B1F /* TodoUITests */ = {
			isa = PBXNativeTarget;
			buildConfigurationList = 4D500FDE24A26CFD00136B1F /* Build configuration list for PBXNativeTarget "TodoUITests" */;
			buildPhases = (
				4D500FCB24A26CFD00136B1F /* Sources */,
				4D500FCC24A26CFD00136B1F /* Frameworks */,
				4D500FCD24A26CFD00136B1F /* Resources */,
			);
			buildRules = (
			);
			dependencies = (
				4D500FD124A26CFD00136B1F /* PBXTargetDependency */,
			);
			name = TodoUITests;
			productName = TodoUITests;
			productReference = 4D500FCF24A26CFD00136B1F /* TodoUITests.xctest */;
			productType = "com.apple.product-type.bundle.ui-testing";
		};
/* End PBXNativeTarget section */

/* Begin PBXProject section */
		4D500FA624A26CF800136B1F /* Project object */ = {
			isa = PBXProject;
			attributes = {
				LastSwiftUpdateCheck = 1150;
				LastUpgradeCheck = 1150;
				ORGANIZATIONNAME = "Rekha Ranjan";
				TargetAttributes = {
					4D500FAD24A26CF800136B1F = {
						CreatedOnToolsVersion = 11.5;
					};
					4D500FC324A26CFD00136B1F = {
						CreatedOnToolsVersion = 11.5;
						TestTargetID = 4D500FAD24A26CF800136B1F;
					};
					4D500FCE24A26CFD00136B1F = {
						CreatedOnToolsVersion = 11.5;
						TestTargetID = 4D500FAD24A26CF800136B1F;
					};
				};
			};
			buildConfigurationList = 4D500FA924A26CF800136B1F /* Build configuration list for PBXProject "Todo" */;
			compatibilityVersion = "Xcode 9.3";
			developmentRegion = en;
			hasScannedForEncodings = 0;
			knownRegions = (
				en,
				Base,
			);
			mainGroup = 4D500FA524A26CF800136B1F;
			productRefGroup = 4D500FAF24A26CF800136B1F /* Products */;
			projectDirPath = "";
			projectRoot = "";
			targets = (
				4D500FAD24A26CF800136B1F /* Todo */,
				4D500FC324A26CFD00136B1F /* TodoTests */,
				4D500FCE24A26CFD00136B1F /* TodoUITests */,
			);
		};
/* End PBXProject section */

/* Begin PBXResourcesBuildPhase section */
		4D500FAC24A26CF800136B1F /* Resources */ = {
			isa = PBXResourcesBuildPhase;
			buildActionMask = 2147483647;
			files = (
				4D500FE224A26E8800136B1F /* Main.storyboard in Resources */,
				4D500FBE24A26CFD00136B1F /* LaunchScreen.storyboard in Resources */,
				4D500FBB24A26CFD00136B1F /* Assets.xcassets in Resources */,
			);
			runOnlyForDeploymentPostprocessing = 0;
		};
		4D500FC224A26CFD00136B1F /* Resources */ = {
			isa = PBXResourcesBuildPhase;
			buildActionMask = 2147483647;
			files = (
			);
			runOnlyForDeploymentPostprocessing = 0;
		};
		4D500FCD24A26CFD00136B1F /* Resources */ = {
			isa = PBXResourcesBuildPhase;
			buildActionMask = 2147483647;
			files = (
			);
			runOnlyForDeploymentPostprocessing = 0;
		};
/* End PBXResourcesBuildPhase section */

/* Begin PBXSourcesBuildPhase section */
		4D500FAA24A26CF800136B1F /* Sources */ = {
			isa = PBXSourcesBuildPhase;
			buildActionMask = 2147483647;
			files = (
				4D500FB624A26CF800136B1F /* ViewController.swift in Sources */,
				4DC30C2C24A322BF004ADC1E /* MainView.swift in Sources */,
				4D500FEE24A289DC00136B1F /* TodoModel.swift in Sources */,
				4D500FE924A284FD00136B1F /* Todo.xcdatamodeld in Sources */,
				4D500FE624A2744A00136B1F /* AddTodoViewController.swift in Sources */,
				4D500FEC24A286D800136B1F /* CoreDataHelper.swift in Sources */,
				4D500FB224A26CF800136B1F /* AppDelegate.swift in Sources */,
				4D500FB424A26CF800136B1F /* SceneDelegate.swift in Sources */,
				4D500FE424A26F3300136B1F /* TodoTableViewCell.swift in Sources */,
			);
			runOnlyForDeploymentPostprocessing = 0;
		};
		4D500FC024A26CFD00136B1F /* Sources */ = {
			isa = PBXSourcesBuildPhase;
			buildActionMask = 2147483647;
			files = (
				4D500FC924A26CFD00136B1F /* TodoTests.swift in Sources */,
			);
			runOnlyForDeploymentPostprocessing = 0;
		};
		4D500FCB24A26CFD00136B1F /* Sources */ = {
			isa = PBXSourcesBuildPhase;
			buildActionMask = 2147483647;
			files = (
				4D500FD424A26CFD00136B1F /* TodoUITests.swift in Sources */,
			);
			runOnlyForDeploymentPostprocessing = 0;
		};
/* End PBXSourcesBuildPhase section */

/* Begin PBXTargetDependency section */
		4D500FC624A26CFD00136B1F /* PBXTargetDependency */ = {
			isa = PBXTargetDependency;
			target = 4D500FAD24A26CF800136B1F /* Todo */;
			targetProxy = 4D500FC524A26CFD00136B1F /* PBXContainerItemProxy */;
		};
		4D500FD124A26CFD00136B1F /* PBXTargetDependency */ = {
			isa = PBXTargetDependency;
			target = 4D500FAD24A26CF800136B1F /* Todo */;
			targetProxy = 4D500FD024A26CFD00136B1F /* PBXContainerItemProxy */;
		};
/* End PBXTargetDependency section */

/* Begin PBXVariantGroup section */
		4D500FBC24A26CFD00136B1F /* LaunchScreen.storyboard */ = {
			isa = PBXVariantGroup;
			children = (
				4D500FBD24A26CFD00136B1F /* Base */,
			);
			name = LaunchScreen.storyboard;
			sourceTree = "<group>";
		};
/* End PBXVariantGroup section */

/* Begin XCBuildConfiguration section */
		4D500FD624A26CFD00136B1F /* Debug */ = {
			isa = XCBuildConfiguration;
			buildSettings = {
				ALWAYS_SEARCH_USER_PATHS = NO;
				CLANG_ANALYZER_NONNULL = YES;
				CLANG_ANALYZER_NUMBER_OBJECT_CONVERSION = YES_AGGRESSIVE;
				CLANG_CXX_LANGUAGE_STANDARD = "gnu++14";
				CLANG_CXX_LIBRARY = "libc++";
				CLANG_ENABLE_MODULES = YES;
				CLANG_ENABLE_OBJC_ARC = YES;
				CLANG_ENABLE_OBJC_WEAK = YES;
				CLANG_WARN_BLOCK_CAPTURE_AUTORELEASING = YES;
				CLANG_WARN_BOOL_CONVERSION = YES;
				CLANG_WARN_COMMA = YES;
				CLANG_WARN_CONSTANT_CONVERSION = YES;
				CLANG_WARN_DEPRECATED_OBJC_IMPLEMENTATIONS = YES;
				CLANG_WARN_DIRECT_OBJC_ISA_USAGE = YES_ERROR;
				CLANG_WARN_DOCUMENTATION_COMMENTS = YES;
				CLANG_WARN_EMPTY_BODY = YES;
				CLANG_WARN_ENUM_CONVERSION = YES;
				CLANG_WARN_INFINITE_RECURSION = YES;
				CLANG_WARN_INT_CONVERSION = YES;
				CLANG_WARN_NON_LITERAL_NULL_CONVERSION = YES;
				CLANG_WARN_OBJC_IMPLICIT_RETAIN_SELF = YES;
				CLANG_WARN_OBJC_LITERAL_CONVERSION = YES;
				CLANG_WARN_OBJC_ROOT_CLASS = YES_ERROR;
				CLANG_WARN_RANGE_LOOP_ANALYSIS = YES;
				CLANG_WARN_STRICT_PROTOTYPES = YES;
				CLANG_WARN_SUSPICIOUS_MOVE = YES;
				CLANG_WARN_UNGUARDED_AVAILABILITY = YES_AGGRESSIVE;
				CLANG_WARN_UNREACHABLE_CODE = YES;
				CLANG_WARN__DUPLICATE_METHOD_MATCH = YES;
				COPY_PHASE_STRIP = NO;
				DEBUG_INFORMATION_FORMAT = dwarf;
				ENABLE_STRICT_OBJC_MSGSEND = YES;
				ENABLE_TESTABILITY = YES;
				GCC_C_LANGUAGE_STANDARD = gnu11;
				GCC_DYNAMIC_NO_PIC = NO;
				GCC_NO_COMMON_BLOCKS = YES;
				GCC_OPTIMIZATION_LEVEL = 0;
				GCC_PREPROCESSOR_DEFINITIONS = (
					"DEBUG=1",
					"$(inherited)",
				);
				GCC_WARN_64_TO_32_BIT_CONVERSION = YES;
				GCC_WARN_ABOUT_RETURN_TYPE = YES_ERROR;
				GCC_WARN_UNDECLARED_SELECTOR = YES;
				GCC_WARN_UNINITIALIZED_AUTOS = YES_AGGRESSIVE;
				GCC_WARN_UNUSED_FUNCTION = YES;
				GCC_WARN_UNUSED_VARIABLE = YES;
				IPHONEOS_DEPLOYMENT_TARGET = 13.5;
				MTL_ENABLE_DEBUG_INFO = INCLUDE_SOURCE;
				MTL_FAST_MATH = YES;
				ONLY_ACTIVE_ARCH = YES;
				SDKROOT = iphoneos;
				SWIFT_ACTIVE_COMPILATION_CONDITIONS = DEBUG;
				SWIFT_OPTIMIZATION_LEVEL = "-Onone";
			};
			name = Debug;
		};
		4D500FD724A26CFD00136B1F /* Release */ = {
			isa = XCBuildConfiguration;
			buildSettings = {
				ALWAYS_SEARCH_USER_PATHS = NO;
				CLANG_ANALYZER_NONNULL = YES;
				CLANG_ANALYZER_NUMBER_OBJECT_CONVERSION = YES_AGGRESSIVE;
				CLANG_CXX_LANGUAGE_STANDARD = "gnu++14";
				CLANG_CXX_LIBRARY = "libc++";
				CLANG_ENABLE_MODULES = YES;
				CLANG_ENABLE_OBJC_ARC = YES;
				CLANG_ENABLE_OBJC_WEAK = YES;
				CLANG_WARN_BLOCK_CAPTURE_AUTORELEASING = YES;
				CLANG_WARN_BOOL_CONVERSION = YES;
				CLANG_WARN_COMMA = YES;
				CLANG_WARN_CONSTANT_CONVERSION = YES;
				CLANG_WARN_DEPRECATED_OBJC_IMPLEMENTATIONS = YES;
				CLANG_WARN_DIRECT_OBJC_ISA_USAGE = YES_ERROR;
				CLANG_WARN_DOCUMENTATION_COMMENTS = YES;
				CLANG_WARN_EMPTY_BODY = YES;
				CLANG_WARN_ENUM_CONVERSION = YES;
				CLANG_WARN_INFINITE_RECURSION = YES;
				CLANG_WARN_INT_CONVERSION = YES;
				CLANG_WARN_NON_LITERAL_NULL_CONVERSION = YES;
				CLANG_WARN_OBJC_IMPLICIT_RETAIN_SELF = YES;
				CLANG_WARN_OBJC_LITERAL_CONVERSION = YES;
				CLANG_WARN_OBJC_ROOT_CLASS = YES_ERROR;
				CLANG_WARN_RANGE_LOOP_ANALYSIS = YES;
				CLANG_WARN_STRICT_PROTOTYPES = YES;
				CLANG_WARN_SUSPICIOUS_MOVE = YES;
				CLANG_WARN_UNGUARDED_AVAILABILITY = YES_AGGRESSIVE;
				CLANG_WARN_UNREACHABLE_CODE = YES;
				CLANG_WARN__DUPLICATE_METHOD_MATCH = YES;
				COPY_PHASE_STRIP = NO;
				DEBUG_INFORMATION_FORMAT = "dwarf-with-dsym";
				ENABLE_NS_ASSERTIONS = NO;
				ENABLE_STRICT_OBJC_MSGSEND = YES;
				GCC_C_LANGUAGE_STANDARD = gnu11;
				GCC_NO_COMMON_BLOCKS = YES;
				GCC_WARN_64_TO_32_BIT_CONVERSION = YES;
				GCC_WARN_ABOUT_RETURN_TYPE = YES_ERROR;
				GCC_WARN_UNDECLARED_SELECTOR = YES;
				GCC_WARN_UNINITIALIZED_AUTOS = YES_AGGRESSIVE;
				GCC_WARN_UNUSED_FUNCTION = YES;
				GCC_WARN_UNUSED_VARIABLE = YES;
				IPHONEOS_DEPLOYMENT_TARGET = 13.5;
				MTL_ENABLE_DEBUG_INFO = NO;
				MTL_FAST_MATH = YES;
				SDKROOT = iphoneos;
				SWIFT_COMPILATION_MODE = wholemodule;
				SWIFT_OPTIMIZATION_LEVEL = "-O";
				VALIDATE_PRODUCT = YES;
			};
			name = Release;
		};
		4D500FD924A26CFD00136B1F /* Debug */ = {
			isa = XCBuildConfiguration;
			buildSettings = {
				ASSETCATALOG_COMPILER_APPICON_NAME = AppIcon;
				CODE_SIGN_STYLE = Automatic;
				DEVELOPMENT_TEAM = YYG9WCPNH4;
				INFOPLIST_FILE = Todo/Info.plist;
				LD_RUNPATH_SEARCH_PATHS = (
					"$(inherited)",
					"@executable_path/Frameworks",
				);
				PRODUCT_BUNDLE_IDENTIFIER = rekha.Todo;
				PRODUCT_NAME = "$(TARGET_NAME)";
				SWIFT_VERSION = 5.0;
				TARGETED_DEVICE_FAMILY = "1,2";
			};
			name = Debug;
		};
		4D500FDA24A26CFD00136B1F /* Release */ = {
			isa = XCBuildConfiguration;
			buildSettings = {
				ASSETCATALOG_COMPILER_APPICON_NAME = AppIcon;
				CODE_SIGN_STYLE = Automatic;
				DEVELOPMENT_TEAM = YYG9WCPNH4;
				INFOPLIST_FILE = Todo/Info.plist;
				LD_RUNPATH_SEARCH_PATHS = (
					"$(inherited)",
					"@executable_path/Frameworks",
				);
				PRODUCT_BUNDLE_IDENTIFIER = rekha.Todo;
				PRODUCT_NAME = "$(TARGET_NAME)";
				SWIFT_VERSION = 5.0;
				TARGETED_DEVICE_FAMILY = "1,2";
			};
			name = Release;
		};
		4D500FDC24A26CFD00136B1F /* Debug */ = {
			isa = XCBuildConfiguration;
			buildSettings = {
				ALWAYS_EMBED_SWIFT_STANDARD_LIBRARIES = YES;
				BUNDLE_LOADER = "$(TEST_HOST)";
				CODE_SIGN_STYLE = Automatic;
				DEVELOPMENT_TEAM = YYG9WCPNH4;
				INFOPLIST_FILE = TodoTests/Info.plist;
				IPHONEOS_DEPLOYMENT_TARGET = 13.5;
				LD_RUNPATH_SEARCH_PATHS = (
					"$(inherited)",
					"@executable_path/Frameworks",
					"@loader_path/Frameworks",
				);
				PRODUCT_BUNDLE_IDENTIFIER = rekha.TodoTests;
				PRODUCT_NAME = "$(TARGET_NAME)";
				SWIFT_VERSION = 5.0;
				TARGETED_DEVICE_FAMILY = "1,2";
				TEST_HOST = "$(BUILT_PRODUCTS_DIR)/Todo.app/Todo";
			};
			name = Debug;
		};
		4D500FDD24A26CFD00136B1F /* Release */ = {
			isa = XCBuildConfiguration;
			buildSettings = {
				ALWAYS_EMBED_SWIFT_STANDARD_LIBRARIES = YES;
				BUNDLE_LOADER = "$(TEST_HOST)";
				CODE_SIGN_STYLE = Automatic;
				DEVELOPMENT_TEAM = YYG9WCPNH4;
				INFOPLIST_FILE = TodoTests/Info.plist;
				IPHONEOS_DEPLOYMENT_TARGET = 13.5;
				LD_RUNPATH_SEARCH_PATHS = (
					"$(inherited)",
					"@executable_path/Frameworks",
					"@loader_path/Frameworks",
				);
				PRODUCT_BUNDLE_IDENTIFIER = rekha.TodoTests;
				PRODUCT_NAME = "$(TARGET_NAME)";
				SWIFT_VERSION = 5.0;
				TARGETED_DEVICE_FAMILY = "1,2";
				TEST_HOST = "$(BUILT_PRODUCTS_DIR)/Todo.app/Todo";
			};
			name = Release;
		};
		4D500FDF24A26CFD00136B1F /* Debug */ = {
			isa = XCBuildConfiguration;
			buildSettings = {
				ALWAYS_EMBED_SWIFT_STANDARD_LIBRARIES = YES;
				CODE_SIGN_STYLE = Automatic;
				DEVELOPMENT_TEAM = YYG9WCPNH4;
				INFOPLIST_FILE = TodoUITests/Info.plist;
				LD_RUNPATH_SEARCH_PATHS = (
					"$(inherited)",
					"@executable_path/Frameworks",
					"@loader_path/Frameworks",
				);
				PRODUCT_BUNDLE_IDENTIFIER = rekha.TodoUITests;
				PRODUCT_NAME = "$(TARGET_NAME)";
				SWIFT_VERSION = 5.0;
				TARGETED_DEVICE_FAMILY = "1,2";
				TEST_TARGET_NAME = Todo;
			};
			name = Debug;
		};
		4D500FE024A26CFD00136B1F /* Release */ = {
			isa = XCBuildConfiguration;
			buildSettings = {
				ALWAYS_EMBED_SWIFT_STANDARD_LIBRARIES = YES;
				CODE_SIGN_STYLE = Automatic;
				DEVELOPMENT_TEAM = YYG9WCPNH4;
				INFOPLIST_FILE = TodoUITests/Info.plist;
				LD_RUNPATH_SEARCH_PATHS = (
					"$(inherited)",
					"@executable_path/Frameworks",
					"@loader_path/Frameworks",
				);
				PRODUCT_BUNDLE_IDENTIFIER = rekha.TodoUITests;
				PRODUCT_NAME = "$(TARGET_NAME)";
				SWIFT_VERSION = 5.0;
				TARGETED_DEVICE_FAMILY = "1,2";
				TEST_TARGET_NAME = Todo;
			};
			name = Release;
		};
/* End XCBuildConfiguration section */

/* Begin XCConfigurationList section */
		4D500FA924A26CF800136B1F /* Build configuration list for PBXProject "Todo" */ = {
			isa = XCConfigurationList;
			buildConfigurations = (
				4D500FD624A26CFD00136B1F /* Debug */,
				4D500FD724A26CFD00136B1F /* Release */,
			);
			defaultConfigurationIsVisible = 0;
			defaultConfigurationName = Release;
		};
		4D500FD824A26CFD00136B1F /* Build configuration list for PBXNativeTarget "Todo" */ = {
			isa = XCConfigurationList;
			buildConfigurations = (
				4D500FD924A26CFD00136B1F /* Debug */,
				4D500FDA24A26CFD00136B1F /* Release */,
			);
			defaultConfigurationIsVisible = 0;
			defaultConfigurationName = Release;
		};
		4D500FDB24A26CFD00136B1F /* Build configuration list for PBXNativeTarget "TodoTests" */ = {
			isa = XCConfigurationList;
			buildConfigurations = (
				4D500FDC24A26CFD00136B1F /* Debug */,
				4D500FDD24A26CFD00136B1F /* Release */,
			);
			defaultConfigurationIsVisible = 0;
			defaultConfigurationName = Release;
		};
		4D500FDE24A26CFD00136B1F /* Build configuration list for PBXNativeTarget "TodoUITests" */ = {
			isa = XCConfigurationList;
			buildConfigurations = (
				4D500FDF24A26CFD00136B1F /* Debug */,
				4D500FE024A26CFD00136B1F /* Release */,
			);
			defaultConfigurationIsVisible = 0;
			defaultConfigurationName = Release;
		};
/* End XCConfigurationList section */

/* Begin XCVersionGroup section */
		4D500FE724A284FD00136B1F /* Todo.xcdatamodeld */ = {
			isa = XCVersionGroup;
			children = (
				4D500FE824A284FD00136B1F /* Todo.xcdatamodel */,
			);
			currentVersion = 4D500FE824A284FD00136B1F /* Todo.xcdatamodel */;
			path = Todo.xcdatamodeld;
			sourceTree = "<group>";
			versionGroupType = wrapper.xcdatamodel;
		};
/* End XCVersionGroup section */
	};
	rootObject = 4D500FA624A26CF800136B1F /* Project object */;
}
